// !$*UTF8*$!
{
	archiveVersion = 1;
	classes = {
	};
	objectVersion = 48;
	objects = {

/* Begin PBXBuildFile section */
		2C95B9C0562EF231D25E55DE /* Pods_Todoey.framework in Frameworks */ = {isa = PBXBuildFile; fileRef = 0FE88B2A77E13A4F05676CA1 /* Pods_Todoey.framework */; };
		C452E8FC2009A19C000FDAF8 /* CategoryViewController.swift in Sources */ = {isa = PBXBuildFile; fileRef = C452E8FB2009A19C000FDAF8 /* CategoryViewController.swift */; };
		C477A0441FFC584D0075A604 /* AppDelegate.swift in Sources */ = {isa = PBXBuildFile; fileRef = C477A0431FFC584D0075A604 /* AppDelegate.swift */; };
		C477A0461FFC584D0075A604 /* TodoListViewController.swift in Sources */ = {isa = PBXBuildFile; fileRef = C477A0451FFC584D0075A604 /* TodoListViewController.swift */; };
		C477A0491FFC584D0075A604 /* Main.storyboard in Resources */ = {isa = PBXBuildFile; fileRef = C477A0471FFC584D0075A604 /* Main.storyboard */; };
		C477A04B1FFC584D0075A604 /* Assets.xcassets in Resources */ = {isa = PBXBuildFile; fileRef = C477A04A1FFC584D0075A604 /* Assets.xcassets */; };
		C477A04E1FFC584D0075A604 /* LaunchScreen.storyboard in Resources */ = {isa = PBXBuildFile; fileRef = C477A04C1FFC584D0075A604 /* LaunchScreen.storyboard */; };
		C490D8FE2010AE5500C873C3 /* Item.swift in Sources */ = {isa = PBXBuildFile; fileRef = C490D8FD2010AE5500C873C3 /* Item.swift */; };
		C490D9002010AE6C00C873C3 /* Category.swift in Sources */ = {isa = PBXBuildFile; fileRef = C490D8FF2010AE6C00C873C3 /* Category.swift */; };
		C4EDF56B2013F17E002F3431 /* SwipeTableViewController.swift in Sources */ = {isa = PBXBuildFile; fileRef = C4EDF56A2013F17E002F3431 /* SwipeTableViewController.swift */; };
/* End PBXBuildFile section */

/* Begin PBXFileReference section */
		0FE88B2A77E13A4F05676CA1 /* Pods_Todoey.framework */ = {isa = PBXFileReference; explicitFileType = wrapper.framework; includeInIndex = 0; path = Pods_Todoey.framework; sourceTree = BUILT_PRODUCTS_DIR; };
		1413455BFC8438454A440F38 /* Pods-Todoey.release.xcconfig */ = {isa = PBXFileReference; includeInIndex = 1; lastKnownFileType = text.xcconfig; name = "Pods-Todoey.release.xcconfig"; path = "Pods/Target Support Files/Pods-Todoey/Pods-Todoey.release.xcconfig"; sourceTree = "<group>"; };
		6BEC8E0E31350BBCF89EA259 /* Pods-Todoey.debug.xcconfig */ = {isa = PBXFileReference; includeInIndex = 1; lastKnownFileType = text.xcconfig; name = "Pods-Todoey.debug.xcconfig"; path = "Pods/Target Support Files/Pods-Todoey/Pods-Todoey.debug.xcconfig"; sourceTree = "<group>"; };
		C452E8FB2009A19C000FDAF8 /* CategoryViewController.swift */ = {isa = PBXFileReference; lastKnownFileType = sourcecode.swift; path = CategoryViewController.swift; sourceTree = "<group>"; };
		C477A0401FFC584D0075A604 /* Todoey.app */ = {isa = PBXFileReference; explicitFileType = wrapper.application; includeInIndex = 0; path = Todoey.app; sourceTree = BUILT_PRODUCTS_DIR; };
		C477A0431FFC584D0075A604 /* AppDelegate.swift */ = {isa = PBXFileReference; lastKnownFileType = sourcecode.swift; path = AppDelegate.swift; sourceTree = "<group>"; };
		C477A0451FFC584D0075A604 /* TodoListViewController.swift */ = {isa = PBXFileReference; lastKnownFileType = sourcecode.swift; path = TodoListViewController.swift; sourceTree = "<group>"; };
		C477A0481FFC584D0075A604 /* Base */ = {isa = PBXFileReference; lastKnownFileType = file.storyboard; name = Base; path = Base.lproj/Main.storyboard; sourceTree = "<group>"; };
		C477A04A1FFC584D0075A604 /* Assets.xcassets */ = {isa = PBXFileReference; lastKnownFileType = folder.assetcatalog; path = Assets.xcassets; sourceTree = "<group>"; };
		C477A04D1FFC584D0075A604 /* Base */ = {isa = PBXFileReference; lastKnownFileType = file.storyboard; name = Base; path = Base.lproj/LaunchScreen.storyboard; sourceTree = "<group>"; };
		C477A04F1FFC584D0075A604 /* Info.plist */ = {isa = PBXFileReference; lastKnownFileType = text.plist.xml; path = Info.plist; sourceTree = "<group>"; };
		C490D8FD2010AE5500C873C3 /* Item.swift */ = {isa = PBXFileReference; lastKnownFileType = sourcecode.swift; path = Item.swift; sourceTree = "<group>"; };
		C490D8FF2010AE6C00C873C3 /* Category.swift */ = {isa = PBXFileReference; lastKnownFileType = sourcecode.swift; path = Category.swift; sourceTree = "<group>"; };
		C4EDF56A2013F17E002F3431 /* SwipeTableViewController.swift */ = {isa = PBXFileReference; lastKnownFileType = sourcecode.swift; path = SwipeTableViewController.swift; sourceTree = "<group>"; };
/* End PBXFileReference section */

/* Begin PBXFrameworksBuildPhase section */
		C477A03D1FFC584D0075A604 /* Frameworks */ = {
			isa = PBXFrameworksBuildPhase;
			buildActionMask = 2147483647;
			files = (
				2C95B9C0562EF231D25E55DE /* Pods_Todoey.framework in Frameworks */,
			);
			runOnlyForDeploymentPostprocessing = 0;
		};
/* End PBXFrameworksBuildPhase section */

/* Begin PBXGroup section */
		C477A0371FFC584D0075A604 = {
			isa = PBXGroup;
			children = (
				C477A0421FFC584D0075A604 /* Todoey */,
				C477A0411FFC584D0075A604 /* Products */,
				FF9D9ABD19635851A518BBB4 /* Pods */,
				EA9A0EF715006F434F353D00 /* Frameworks */,
			);
			sourceTree = "<group>";
		};
		C477A0411FFC584D0075A604 /* Products */ = {
			isa = PBXGroup;
			children = (
				C477A0401FFC584D0075A604 /* Todoey.app */,
			);
			name = Products;
			sourceTree = "<group>";
		};
		C477A0421FFC584D0075A604 /* Todoey */ = {
			isa = PBXGroup;
			children = (
				C477A0431FFC584D0075A604 /* AppDelegate.swift */,
				C48FD5292001792000E1FDEA /* Controllers */,
				C48FD52A2001794000E1FDEA /* Views */,
				C48FD528200178EE00E1FDEA /* Data Model */,
				C48FD52B2001801C00E1FDEA /* Supporting Files */,
				C477A04F1FFC584D0075A604 /* Info.plist */,
			);
			path = Todoey;
			sourceTree = "<group>";
		};
		C48FD528200178EE00E1FDEA /* Data Model */ = {
			isa = PBXGroup;
			children = (
				C490D8FF2010AE6C00C873C3 /* Category.swift */,
				C490D8FD2010AE5500C873C3 /* Item.swift */,
			);
			path = "Data Model";
			sourceTree = "<group>";
		};
		C48FD5292001792000E1FDEA /* Controllers */ = {
			isa = PBXGroup;
			children = (
				C452E8FB2009A19C000FDAF8 /* CategoryViewController.swift */,
				C477A0451FFC584D0075A604 /* TodoListViewController.swift */,
				C4EDF56A2013F17E002F3431 /* SwipeTableViewController.swift */,
			);
			path = Controllers;
			sourceTree = "<group>";
		};
		C48FD52A2001794000E1FDEA /* Views */ = {
			isa = PBXGroup;
			children = (
				C477A0471FFC584D0075A604 /* Main.storyboard */,
			);
			path = Views;
			sourceTree = "<group>";
		};
		C48FD52B2001801C00E1FDEA /* Supporting Files */ = {
			isa = PBXGroup;
			children = (
				C477A04A1FFC584D0075A604 /* Assets.xcassets */,
				C477A04C1FFC584D0075A604 /* LaunchScreen.storyboard */,
			);
			path = "Supporting Files";
			sourceTree = "<group>";
		};
		EA9A0EF715006F434F353D00 /* Frameworks */ = {
			isa = PBXGroup;
			children = (
				0FE88B2A77E13A4F05676CA1 /* Pods_Todoey.framework */,
			);
			name = Frameworks;
			sourceTree = "<group>";
		};
		FF9D9ABD19635851A518BBB4 /* Pods */ = {
			isa = PBXGroup;
			children = (
				6BEC8E0E31350BBCF89EA259 /* Pods-Todoey.debug.xcconfig */,
				1413455BFC8438454A440F38 /* Pods-Todoey.release.xcconfig */,
			);
			name = Pods;
			sourceTree = "<group>";
		};
/* End PBXGroup section */

/* Begin PBXNativeTarget section */
		C477A03F1FFC584D0075A604 /* Todoey */ = {
			isa = PBXNativeTarget;
			buildConfigurationList = C477A0521FFC584D0075A604 /* Build configuration list for PBXNativeTarget "Todoey" */;
			buildPhases = (
				437FBCE3B17122D5F7DE7B41 /* [CP] Check Pods Manifest.lock */,
				C477A03C1FFC584D0075A604 /* Sources */,
				C477A03D1FFC584D0075A604 /* Frameworks */,
				C477A03E1FFC584D0075A604 /* Resources */,
				51CCCE883E42B50A1E4E7CA7 /* [CP] Embed Pods Frameworks */,
				F6D606E9706DA1073B31928E /* [CP] Copy Pods Resources */,
			);
			buildRules = (
			);
			dependencies = (
			);
			name = Todoey;
			productName = Todoey;
			productReference = C477A0401FFC584D0075A604 /* Todoey.app */;
			productType = "com.apple.product-type.application";
		};
/* End PBXNativeTarget section */

/* Begin PBXProject section */
		C477A0381FFC584D0075A604 /* Project object */ = {
			isa = PBXProject;
			attributes = {
				LastSwiftUpdateCheck = 0920;
				LastUpgradeCheck = 0920;
				ORGANIZATIONNAME = RSPrintisAndAssociates;
				TargetAttributes = {
					C477A03F1FFC584D0075A604 = {
						CreatedOnToolsVersion = 9.2;
						ProvisioningStyle = Automatic;
					};
				};
			};
			buildConfigurationList = C477A03B1FFC584D0075A604 /* Build configuration list for PBXProject "Todoey" */;
			compatibilityVersion = "Xcode 8.0";
			developmentRegion = en;
			hasScannedForEncodings = 0;
			knownRegions = (
				en,
				Base,
			);
			mainGroup = C477A0371FFC584D0075A604;
			productRefGroup = C477A0411FFC584D0075A604 /* Products */;
			projectDirPath = "";
			projectRoot = "";
			targets = (
				C477A03F1FFC584D0075A604 /* Todoey */,
			);
		};
/* End PBXProject section */

/* Begin PBXResourcesBuildPhase section */
		C477A03E1FFC584D0075A604 /* Resources */ = {
			isa = PBXResourcesBuildPhase;
			buildActionMask = 2147483647;
			files = (
				C477A04E1FFC584D0075A604 /* LaunchScreen.storyboard in Resources */,
				C477A04B1FFC584D0075A604 /* Assets.xcassets in Resources */,
				C477A0491FFC584D0075A604 /* Main.storyboard in Resources */,
			);
			runOnlyForDeploymentPostprocessing = 0;
		};
/* End PBXResourcesBuildPhase section */

/* Begin PBXShellScriptBuildPhase section */
		437FBCE3B17122D5F7DE7B41 /* [CP] Check Pods Manifest.lock */ = {
			isa = PBXShellScriptBuildPhase;
			buildActionMask = 2147483647;
			files = (
			);
			inputPaths = (
				"${PODS_PODFILE_DIR_PATH}/Podfile.lock",
				"${PODS_ROOT}/Manifest.lock",
			);
			name = "[CP] Check Pods Manifest.lock";
			outputPaths = (
				"$(DERIVED_FILE_DIR)/Pods-Todoey-checkManifestLockResult.txt",
			);
			runOnlyForDeploymentPostprocessing = 0;
			shellPath = /bin/sh;
			shellScript = "diff \"${PODS_PODFILE_DIR_PATH}/Podfile.lock\" \"${PODS_ROOT}/Manifest.lock\" > /dev/null\nif [ $? != 0 ] ; then\n    # print error to STDERR\n    echo \"error: The sandbox is not in sync with the Podfile.lock. Run 'pod install' or update your CocoaPods installation.\" >&2\n    exit 1\nfi\n# This output is used by Xcode 'outputs' to avoid re-running this script phase.\necho \"SUCCESS\" > \"${SCRIPT_OUTPUT_FILE_0}\"\n";
			showEnvVarsInLog = 0;
		};
		51CCCE883E42B50A1E4E7CA7 /* [CP] Embed Pods Frameworks */ = {
			isa = PBXShellScriptBuildPhase;
			buildActionMask = 2147483647;
			files = (
			);
			inputPaths = (
				"${SRCROOT}/Pods/Target Support Files/Pods-Todoey/Pods-Todoey-frameworks.sh",
				"${BUILT_PRODUCTS_DIR}/ChameleonFramework/ChameleonFramework.framework",
				"${BUILT_PRODUCTS_DIR}/Realm/Realm.framework",
				"${BUILT_PRODUCTS_DIR}/RealmSwift/RealmSwift.framework",
				"${BUILT_PRODUCTS_DIR}/SwipeCellKit/SwipeCellKit.framework",
			);
			name = "[CP] Embed Pods Frameworks";
			outputPaths = (
				"${TARGET_BUILD_DIR}/${FRAMEWORKS_FOLDER_PATH}/ChameleonFramework.framework",
				"${TARGET_BUILD_DIR}/${FRAMEWORKS_FOLDER_PATH}/Realm.framework",
				"${TARGET_BUILD_DIR}/${FRAMEWORKS_FOLDER_PATH}/RealmSwift.framework",
				"${TARGET_BUILD_DIR}/${FRAMEWORKS_FOLDER_PATH}/SwipeCellKit.framework",
			);
			runOnlyForDeploymentPostprocessing = 0;
			shellPath = /bin/sh;
			shellScript = "\"${SRCROOT}/Pods/Target Support Files/Pods-Todoey/Pods-Todoey-frameworks.sh\"\n";
			showEnvVarsInLog = 0;
		};
		F6D606E9706DA1073B31928E /* [CP] Copy Pods Resources */ = {
			isa = PBXShellScriptBuildPhase;
			buildActionMask = 2147483647;
			files = (
			);
			inputPaths = (
			);
			name = "[CP] Copy Pods Resources";
			outputPaths = (
			);
			runOnlyForDeploymentPostprocessing = 0;
			shellPath = /bin/sh;
			shellScript = "\"${SRCROOT}/Pods/Target Support Files/Pods-Todoey/Pods-Todoey-resources.sh\"\n";
			showEnvVarsInLog = 0;
		};
/* End PBXShellScriptBuildPhase section */

/* Begin PBXSourcesBuildPhase section */
		C477A03C1FFC584D0075A604 /* Sources */ = {
			isa = PBXSourcesBuildPhase;
			buildActionMask = 2147483647;
			files = (
				C490D8FE2010AE5500C873C3 /* Item.swift in Sources */,
				C452E8FC2009A19C000FDAF8 /* CategoryViewController.swift in Sources */,
				C477A0461FFC584D0075A604 /* TodoListViewController.swift in Sources */,
				C477A0441FFC584D0075A604 /* AppDelegate.swift in Sources */,
				C4EDF56B2013F17E002F3431 /* SwipeTableViewController.swift in Sources */,
				C490D9002010AE6C00C873C3 /* Category.swift in Sources */,
			);
			runOnlyForDeploymentPostprocessing = 0;
		};
/* End PBXSourcesBuildPhase section */

/* Begin PBXVariantGroup section */
		C477A0471FFC584D0075A604 /* Main.storyboard */ = {
			isa = PBXVariantGroup;
			children = (
				C477A0481FFC584D0075A604 /* Base */,
			);
			name = Main.storyboard;
			sourceTree = "<group>";
		};
		C477A04C1FFC584D0075A604 /* LaunchScreen.storyboard */ = {
			isa = PBXVariantGroup;
			children = (
				C477A04D1FFC584D0075A604 /* Base */,
			);
			name = LaunchScreen.storyboard;
			sourceTree = "<group>";
		};
/* End PBXVariantGroup section */

/* Begin XCBuildConfiguration section */
		C477A0501FFC584D0075A604 /* Debug */ = {
			isa = XCBuildConfiguration;
			buildSettings = {
				ALWAYS_SEARCH_USER_PATHS = NO;
				CLANG_ANALYZER_NONNULL = YES;
				CLANG_ANALYZER_NUMBER_OBJECT_CONVERSION = YES_AGGRESSIVE;
				CLANG_CXX_LANGUAGE_STANDARD = "gnu++14";
				CLANG_CXX_LIBRARY = "libc++";
				CLANG_ENABLE_MODULES = YES;
				CLANG_ENABLE_OBJC_ARC = YES;
				CLANG_WARN_BLOCK_CAPTURE_AUTORELEASING = YES;
				CLANG_WARN_BOOL_CONVERSION = YES;
				CLANG_WARN_COMMA = YES;
				CLANG_WARN_CONSTANT_CONVERSION = YES;
				CLANG_WARN_DIRECT_OBJC_ISA_USAGE = YES_ERROR;
				CLANG_WARN_DOCUMENTATION_COMMENTS = YES;
				CLANG_WARN_EMPTY_BODY = YES;
				CLANG_WARN_ENUM_CONVERSION = YES;
				CLANG_WARN_INFINITE_RECURSION = YES;
				CLANG_WARN_INT_CONVERSION = YES;
				CLANG_WARN_NON_LITERAL_NULL_CONVERSION = YES;
				CLANG_WARN_OBJC_LITERAL_CONVERSION = YES;
				CLANG_WARN_OBJC_ROOT_CLASS = YES_ERROR;
				CLANG_WARN_RANGE_LOOP_ANALYSIS = YES;
				CLANG_WARN_STRICT_PROTOTYPES = YES;
				CLANG_WARN_SUSPICIOUS_MOVE = YES;
				CLANG_WARN_UNGUARDED_AVAILABILITY = YES_AGGRESSIVE;
				CLANG_WARN_UNREACHABLE_CODE = YES;
				CLANG_WARN__DUPLICATE_METHOD_MATCH = YES;
				CODE_SIGN_IDENTITY = "iPhone Developer";
				COPY_PHASE_STRIP = NO;
				DEBUG_INFORMATION_FORMAT = dwarf;
				ENABLE_STRICT_OBJC_MSGSEND = YES;
				ENABLE_TESTABILITY = YES;
				GCC_C_LANGUAGE_STANDARD = gnu11;
				GCC_DYNAMIC_NO_PIC = NO;
				GCC_NO_COMMON_BLOCKS = YES;
				GCC_OPTIMIZATION_LEVEL = 0;
				GCC_PREPROCESSOR_DEFINITIONS = (
					"DEBUG=1",
					"$(inherited)",
				);
				GCC_WARN_64_TO_32_BIT_CONVERSION = YES;
				GCC_WARN_ABOUT_RETURN_TYPE = YES_ERROR;
				GCC_WARN_UNDECLARED_SELECTOR = YES;
				GCC_WARN_UNINITIALIZED_AUTOS = YES_AGGRESSIVE;
				GCC_WARN_UNUSED_FUNCTION = YES;
				GCC_WARN_UNUSED_VARIABLE = YES;
				IPHONEOS_DEPLOYMENT_TARGET = 11.2;
				MTL_ENABLE_DEBUG_INFO = YES;
				ONLY_ACTIVE_ARCH = YES;
				SDKROOT = iphoneos;
				SWIFT_ACTIVE_COMPILATION_CONDITIONS = DEBUG;
				SWIFT_OPTIMIZATION_LEVEL = "-Onone";
			};
			name = Debug;
		};
		C477A0511FFC584D0075A604 /* Release */ = {
			isa = XCBuildConfiguration;
			buildSettings = {
				ALWAYS_SEARCH_USER_PATHS = NO;
				CLANG_ANALYZER_NONNULL = YES;
				CLANG_ANALYZER_NUMBER_OBJECT_CONVERSION = YES_AGGRESSIVE;
				CLANG_CXX_LANGUAGE_STANDARD = "gnu++14";
				CLANG_CXX_LIBRARY = "libc++";
				CLANG_ENABLE_MODULES = YES;
				CLANG_ENABLE_OBJC_ARC = YES;
				CLANG_WARN_BLOCK_CAPTURE_AUTORELEASING = YES;
				CLANG_WARN_BOOL_CONVERSION = YES;
				CLANG_WARN_COMMA = YES;
				CLANG_WARN_CONSTANT_CONVERSION = YES;
				CLANG_WARN_DIRECT_OBJC_ISA_USAGE = YES_ERROR;
				CLANG_WARN_DOCUMENTATION_COMMENTS = YES;
				CLANG_WARN_EMPTY_BODY = YES;
				CLANG_WARN_ENUM_CONVERSION = YES;
				CLANG_WARN_INFINITE_RECURSION = YES;
				CLANG_WARN_INT_CONVERSION = YES;
				CLANG_WARN_NON_LITERAL_NULL_CONVERSION = YES;
				CLANG_WARN_OBJC_LITERAL_CONVERSION = YES;
				CLANG_WARN_OBJC_ROOT_CLASS = YES_ERROR;
				CLANG_WARN_RANGE_LOOP_ANALYSIS = YES;
				CLANG_WARN_STRICT_PROTOTYPES = YES;
				CLANG_WARN_SUSPICIOUS_MOVE = YES;
				CLANG_WARN_UNGUARDED_AVAILABILITY = YES_AGGRESSIVE;
				CLANG_WARN_UNREACHABLE_CODE = YES;
				CLANG_WARN__DUPLICATE_METHOD_MATCH = YES;
				CODE_SIGN_IDENTITY = "iPhone Developer";
				COPY_PHASE_STRIP = NO;
				DEBUG_INFORMATION_FORMAT = "dwarf-with-dsym";
				ENABLE_NS_ASSERTIONS = NO;
				ENABLE_STRICT_OBJC_MSGSEND = YES;
				GCC_C_LANGUAGE_STANDARD = gnu11;
				GCC_NO_COMMON_BLOCKS = YES;
				GCC_WARN_64_TO_32_BIT_CONVERSION = YES;
				GCC_WARN_ABOUT_RETURN_TYPE = YES_ERROR;
				GCC_WARN_UNDECLARED_SELECTOR = YES;
				GCC_WARN_UNINITIALIZED_AUTOS = YES_AGGRESSIVE;
				GCC_WARN_UNUSED_FUNCTION = YES;
				GCC_WARN_UNUSED_VARIABLE = YES;
				IPHONEOS_DEPLOYMENT_TARGET = 11.2;
				MTL_ENABLE_DEBUG_INFO = NO;
				SDKROOT = iphoneos;
				SWIFT_OPTIMIZATION_LEVEL = "-Owholemodule";
				VALIDATE_PRODUCT = YES;
			};
			name = Release;
		};
		C477A0531FFC584D0075A604 /* Debug */ = {
			isa = XCBuildConfiguration;
			baseConfigurationReference = 6BEC8E0E31350BBCF89EA259 /* Pods-Todoey.debug.xcconfig */;
			buildSettings = {
				ASSETCATALOG_COMPILER_APPICON_NAME = AppIcon;
				CODE_SIGN_STYLE = Automatic;
				DEVELOPMENT_TEAM = DNM24ZWYXS;
				INFOPLIST_FILE = Todoey/Info.plist;
				LD_RUNPATH_SEARCH_PATHS = "$(inherited) @executable_path/Frameworks";
				PRODUCT_BUNDLE_IDENTIFIER = home.printis.RSPrintisAndAssociates.Todoey;
				PRODUCT_NAME = "$(TARGET_NAME)";
				SWIFT_VERSION = 4.0;
				TARGETED_DEVICE_FAMILY = "1,2";
			};
			name = Debug;
		};
		C477A0541FFC584D0075A604 /* Release */ = {
			isa = XCBuildConfiguration;
			baseConfigurationReference = 1413455BFC8438454A440F38 /* Pods-Todoey.release.xcconfig */;
			buildSettings = {
				ASSETCATALOG_COMPILER_APPICON_NAME = AppIcon;
				CODE_SIGN_STYLE = Automatic;
				DEVELOPMENT_TEAM = DNM24ZWYXS;
				INFOPLIST_FILE = Todoey/Info.plist;
				LD_RUNPATH_SEARCH_PATHS = "$(inherited) @executable_path/Frameworks";
				PRODUCT_BUNDLE_IDENTIFIER = home.printis.RSPrintisAndAssociates.Todoey;
				PRODUCT_NAME = "$(TARGET_NAME)";
				SWIFT_VERSION = 4.0;
				TARGETED_DEVICE_FAMILY = "1,2";
			};
			name = Release;
		};
/* End XCBuildConfiguration section */

/* Begin XCConfigurationList section */
		C477A03B1FFC584D0075A604 /* Build configuration list for PBXProject "Todoey" */ = {
			isa = XCConfigurationList;
			buildConfigurations = (
				C477A0501FFC584D0075A604 /* Debug */,
				C477A0511FFC584D0075A604 /* Release */,
			);
			defaultConfigurationIsVisible = 0;
			defaultConfigurationName = Release;
		};
		C477A0521FFC584D0075A604 /* Build configuration list for PBXNativeTarget "Todoey" */ = {
			isa = XCConfigurationList;
			buildConfigurations = (
				C477A0531FFC584D0075A604 /* Debug */,
				C477A0541FFC584D0075A604 /* Release */,
			);
			defaultConfigurationIsVisible = 0;
			defaultConfigurationName = Release;
		};
/* End XCConfigurationList section */
	};
	rootObject = C477A0381FFC584D0075A604 /* Project object */;
}
